
Microsoft Visual Studio Solution File, Format Version 12.00
# Visual Studio 15
VisualStudioVersion = 15.0.28010.2036
MinimumVisualStudioVersion = 10.0.40219.1
Project("{9A19103F-16F7-4668-BE54-9A1E7A4F7556}") = "AutoMapping", "AutoMapping\AutoMapping.csproj", "{4F886C10-8117-4ABA-BA53-BA74F6346136}"
EndProject
Project("{FAE04EC0-301F-11D3-BF4B-00C04F79EFBC}") = "AutoMappingTests", "AutoMappingTests\AutoMappingTests.csproj", "{AE502D46-BD31-4BD7-B1F3-BF256A9A5C56}"
EndProject
Global
	GlobalSection(SolutionConfigurationPlatforms) = preSolution
		Debug|Any CPU = Debug|Any CPU
		Release|Any CPU = Release|Any CPU
	EndGlobalSection
	GlobalSection(ProjectConfigurationPlatforms) = postSolution
		{4F886C10-8117-4ABA-BA53-BA74F6346136}.Debug|Any CPU.ActiveCfg = Debug|Any CPU
		{4F886C10-8117-4ABA-BA53-BA74F6346136}.Debug|Any CPU.Build.0 = Debug|Any CPU
		{4F886C10-8117-4ABA-BA53-BA74F6346136}.Release|Any CPU.ActiveCfg = Release|Any CPU
		{4F886C10-8117-4ABA-BA53-BA74F6346136}.Release|Any CPU.Build.0 = Release|Any CPU
		{AE502D46-BD31-4BD7-B1F3-BF256A9A5C56}.Debug|Any CPU.ActiveCfg = Debug|Any CPU
		{AE502D46-BD31-4BD7-B1F3-BF256A9A5C56}.Debug|Any CPU.Build.0 = Debug|Any CPU
		{AE502D46-BD31-4BD7-B1F3-BF256A9A5C56}.Release|Any CPU.ActiveCfg = Release|Any CPU
		{AE502D46-BD31-4BD7-B1F3-BF256A9A5C56}.Release|Any CPU.Build.0 = Release|Any CPU
	EndGlobalSection
	GlobalSection(SolutionProperties) = preSolution
		HideSolutionNode = FALSE
	EndGlobalSection
	GlobalSection(ExtensibilityGlobals) = postSolution
		SolutionGuid = {D3750E8E-2B30-4BC7-84FE-D9E6002197CD}
	EndGlobalSection
EndGlobal
